
Microsoft Visual Studio Solution File, Format Version 12.00
# Visual Studio 2012
Project("{FAE04EC0-301F-11D3-BF4B-00C04F79EFBC}") = "Stardict", "Stardict\Stardict.csproj", "{1870FC48-1D14-4544-B7B9-B5790104716E}"
EndProject
Global
	GlobalSection(SolutionConfigurationPlatforms) = preSolution
		Debug|Any CPU = Debug|Any CPU
		Release|Any CPU = Release|Any CPU
	EndGlobalSection
	GlobalSection(ProjectConfigurationPlatforms) = postSolution
		{1870FC48-1D14-4544-B7B9-B5790104716E}.Debug|Any CPU.ActiveCfg = Debug|Any CPU
		{1870FC48-1D14-4544-B7B9-B5790104716E}.Debug|Any CPU.Build.0 = Debug|Any CPU
		{1870FC48-1D14-4544-B7B9-B5790104716E}.Release|Any CPU.ActiveCfg = Release|Any CPU
		{1870FC48-1D14-4544-B7B9-B5790104716E}.Release|Any CPU.Build.0 = Release|Any CPU
	EndGlobalSection
	GlobalSection(SolutionProperties) = preSolution
		HideSolutionNode = FALSE
	EndGlobalSection
EndGlobal
